
Microsoft Visual Studio Solution File, Format Version 12.00
# Visual Studio Version 17
VisualStudioVersion = 17.3.32929.385
MinimumVisualStudioVersion = 10.0.40219.1
Project("{FAE04EC0-301F-11D3-BF4B-00C04F79EFBC}") = "ModuleTask13.6.2", "ModuleTask13.6.2.csproj", "{523B306D-6413-4722-B065-EC3E50C7439F}"
EndProject
Global
	GlobalSection(SolutionConfigurationPlatforms) = preSolution
		Debug|Any CPU = Debug|Any CPU
		Release|Any CPU = Release|Any CPU
	EndGlobalSection
	GlobalSection(ProjectConfigurationPlatforms) = postSolution
		{523B306D-6413-4722-B065-EC3E50C7439F}.Debug|Any CPU.ActiveCfg = Debug|Any CPU
		{523B306D-6413-4722-B065-EC3E50C7439F}.Debug|Any CPU.Build.0 = Debug|Any CPU
		{523B306D-6413-4722-B065-EC3E50C7439F}.Release|Any CPU.ActiveCfg = Release|Any CPU
		{523B306D-6413-4722-B065-EC3E50C7439F}.Release|Any CPU.Build.0 = Release|Any CPU
	EndGlobalSection
	GlobalSection(SolutionProperties) = preSolution
		HideSolutionNode = FALSE
	EndGlobalSection
	GlobalSection(ExtensibilityGlobals) = postSolution
		SolutionGuid = {32DD8613-BF71-47B0-AC29-2CA392A4972B}
	EndGlobalSection
EndGlobal
